
Microsoft Visual Studio Solution File, Format Version 12.00
# Visual Studio 14
VisualStudioVersion = 14.0.25420.1
MinimumVisualStudioVersion = 10.0.40219.1
Project("{FAE04EC0-301F-11D3-BF4B-00C04F79EFBC}") = "EmployeeService", "EmployeeService\EmployeeService.csproj", "{50130B9C-42A5-4A45-AE10-47BE70E8A5A1}"
EndProject
Project("{FAE04EC0-301F-11D3-BF4B-00C04F79EFBC}") = "EmployeeHost", "EmployeeHost\EmployeeHost.csproj", "{6BEFA7E8-DAD4-4990-9F39-7259ADBF5255}"
EndProject
Global
	GlobalSection(SolutionConfigurationPlatforms) = preSolution
		Debug|Any CPU = Debug|Any CPU
		Release|Any CPU = Release|Any CPU
	EndGlobalSection
	GlobalSection(ProjectConfigurationPlatforms) = postSolution
		{50130B9C-42A5-4A45-AE10-47BE70E8A5A1}.Debug|Any CPU.ActiveCfg = Debug|Any CPU
		{50130B9C-42A5-4A45-AE10-47BE70E8A5A1}.Debug|Any CPU.Build.0 = Debug|Any CPU
		{50130B9C-42A5-4A45-AE10-47BE70E8A5A1}.Release|Any CPU.ActiveCfg = Release|Any CPU
		{50130B9C-42A5-4A45-AE10-47BE70E8A5A1}.Release|Any CPU.Build.0 = Release|Any CPU
		{6BEFA7E8-DAD4-4990-9F39-7259ADBF5255}.Debug|Any CPU.ActiveCfg = Debug|Any CPU
		{6BEFA7E8-DAD4-4990-9F39-7259ADBF5255}.Debug|Any CPU.Build.0 = Debug|Any CPU
		{6BEFA7E8-DAD4-4990-9F39-7259ADBF5255}.Release|Any CPU.ActiveCfg = Release|Any CPU
		{6BEFA7E8-DAD4-4990-9F39-7259ADBF5255}.Release|Any CPU.Build.0 = Release|Any CPU
	EndGlobalSection
	GlobalSection(SolutionProperties) = preSolution
		HideSolutionNode = FALSE
	EndGlobalSection
EndGlobal
